
Microsoft Visual Studio Solution File, Format Version 12.00
# Visual Studio Version 17
VisualStudioVersion = 17.7.34221.43
MinimumVisualStudioVersion = 10.0.40219.1
Project("{9A19103F-16F7-4668-BE54-9A1E7A4F7556}") = "2b", "2b\2b.csproj", "{FFC4EC17-0054-4432-B031-3040494D9BCC}"
EndProject
Global
	GlobalSection(SolutionConfigurationPlatforms) = preSolution
		Debug|Any CPU = Debug|Any CPU
		Release|Any CPU = Release|Any CPU
	EndGlobalSection
	GlobalSection(ProjectConfigurationPlatforms) = postSolution
		{FFC4EC17-0054-4432-B031-3040494D9BCC}.Debug|Any CPU.ActiveCfg = Debug|Any CPU
		{FFC4EC17-0054-4432-B031-3040494D9BCC}.Debug|Any CPU.Build.0 = Debug|Any CPU
		{FFC4EC17-0054-4432-B031-3040494D9BCC}.Release|Any CPU.ActiveCfg = Release|Any CPU
		{FFC4EC17-0054-4432-B031-3040494D9BCC}.Release|Any CPU.Build.0 = Release|Any CPU
	EndGlobalSection
	GlobalSection(SolutionProperties) = preSolution
		HideSolutionNode = FALSE
	EndGlobalSection
	GlobalSection(ExtensibilityGlobals) = postSolution
		SolutionGuid = {1B070440-FED9-4DA9-8A5D-0521C2C9381B}
	EndGlobalSection
EndGlobal
