
Microsoft Visual Studio Solution File, Format Version 12.00
# Visual Studio Version 17
VisualStudioVersion = 17.7.34221.43
MinimumVisualStudioVersion = 10.0.40219.1
Project("{FAE04EC0-301F-11D3-BF4B-00C04F79EFBC}") = "1b", "1b\1b.csproj", "{D28F6719-D367-40A0-83C7-47EA04162C09}"
EndProject
Global
	GlobalSection(SolutionConfigurationPlatforms) = preSolution
		Debug|Any CPU = Debug|Any CPU
		Release|Any CPU = Release|Any CPU
	EndGlobalSection
	GlobalSection(ProjectConfigurationPlatforms) = postSolution
		{D28F6719-D367-40A0-83C7-47EA04162C09}.Debug|Any CPU.ActiveCfg = Debug|Any CPU
		{D28F6719-D367-40A0-83C7-47EA04162C09}.Debug|Any CPU.Build.0 = Debug|Any CPU
		{D28F6719-D367-40A0-83C7-47EA04162C09}.Release|Any CPU.ActiveCfg = Release|Any CPU
		{D28F6719-D367-40A0-83C7-47EA04162C09}.Release|Any CPU.Build.0 = Release|Any CPU
	EndGlobalSection
	GlobalSection(SolutionProperties) = preSolution
		HideSolutionNode = FALSE
	EndGlobalSection
	GlobalSection(ExtensibilityGlobals) = postSolution
		SolutionGuid = {AD60B9F9-8094-4036-BAD4-8507D1ABA35C}
	EndGlobalSection
EndGlobal
