
Microsoft Visual Studio Solution File, Format Version 12.00
# Visual Studio Version 17
VisualStudioVersion = 17.7.34221.43
MinimumVisualStudioVersion = 10.0.40219.1
Project("{FAE04EC0-301F-11D3-BF4B-00C04F79EFBC}") = "1a", "1a\1a.csproj", "{3BB598B7-652D-4761-B43E-7BB6C7AEF2ED}"
EndProject
Global
	GlobalSection(SolutionConfigurationPlatforms) = preSolution
		Debug|Any CPU = Debug|Any CPU
		Release|Any CPU = Release|Any CPU
	EndGlobalSection
	GlobalSection(ProjectConfigurationPlatforms) = postSolution
		{3BB598B7-652D-4761-B43E-7BB6C7AEF2ED}.Debug|Any CPU.ActiveCfg = Debug|Any CPU
		{3BB598B7-652D-4761-B43E-7BB6C7AEF2ED}.Debug|Any CPU.Build.0 = Debug|Any CPU
		{3BB598B7-652D-4761-B43E-7BB6C7AEF2ED}.Release|Any CPU.ActiveCfg = Release|Any CPU
		{3BB598B7-652D-4761-B43E-7BB6C7AEF2ED}.Release|Any CPU.Build.0 = Release|Any CPU
	EndGlobalSection
	GlobalSection(SolutionProperties) = preSolution
		HideSolutionNode = FALSE
	EndGlobalSection
	GlobalSection(ExtensibilityGlobals) = postSolution
		SolutionGuid = {69AF46C1-B3BF-442B-A984-6AE176775BA4}
	EndGlobalSection
EndGlobal
